
Microsoft Visual Studio Solution File, Format Version 12.00
# Visual Studio 2012
Project("{FAE04EC0-301F-11D3-BF4B-00C04F79EFBC}") = "View", "View\View.csproj", "{F04BD134-BC85-4722-A1FC-0FB8523BECE0}"
EndProject
Project("{FAE04EC0-301F-11D3-BF4B-00C04F79EFBC}") = "Model", "Model\Model.csproj", "{F19A8EB5-DA19-4C1B-AFF9-A6285A8DBFAE}"
EndProject
Global
	GlobalSection(SolutionConfigurationPlatforms) = preSolution
		Debug|Any CPU = Debug|Any CPU
		Release|Any CPU = Release|Any CPU
	EndGlobalSection
	GlobalSection(ProjectConfigurationPlatforms) = postSolution
		{F04BD134-BC85-4722-A1FC-0FB8523BECE0}.Debug|Any CPU.ActiveCfg = Debug|Any CPU
		{F04BD134-BC85-4722-A1FC-0FB8523BECE0}.Debug|Any CPU.Build.0 = Debug|Any CPU
		{F04BD134-BC85-4722-A1FC-0FB8523BECE0}.Release|Any CPU.ActiveCfg = Release|Any CPU
		{F04BD134-BC85-4722-A1FC-0FB8523BECE0}.Release|Any CPU.Build.0 = Release|Any CPU
		{F19A8EB5-DA19-4C1B-AFF9-A6285A8DBFAE}.Debug|Any CPU.ActiveCfg = Debug|Any CPU
		{F19A8EB5-DA19-4C1B-AFF9-A6285A8DBFAE}.Debug|Any CPU.Build.0 = Debug|Any CPU
		{F19A8EB5-DA19-4C1B-AFF9-A6285A8DBFAE}.Release|Any CPU.ActiveCfg = Release|Any CPU
		{F19A8EB5-DA19-4C1B-AFF9-A6285A8DBFAE}.Release|Any CPU.Build.0 = Release|Any CPU
	EndGlobalSection
	GlobalSection(SolutionProperties) = preSolution
		HideSolutionNode = FALSE
	EndGlobalSection
EndGlobal
